
Microsoft Visual Studio Solution File, Format Version 12.00
# Visual Studio 15
VisualStudioVersion = 15.0.28010.2041
MinimumVisualStudioVersion = 10.0.40219.1
Project("{FAE04EC0-301F-11D3-BF4B-00C04F79EFBC}") = "Diophantine", "Diophantine\Diophantine.csproj", "{C61CF156-6163-41A8-B8EC-0CF6BBAF30C0}"
EndProject
Global
	GlobalSection(SolutionConfigurationPlatforms) = preSolution
		Debug|Any CPU = Debug|Any CPU
		Release|Any CPU = Release|Any CPU
	EndGlobalSection
	GlobalSection(ProjectConfigurationPlatforms) = postSolution
		{C61CF156-6163-41A8-B8EC-0CF6BBAF30C0}.Debug|Any CPU.ActiveCfg = Debug|Any CPU
		{C61CF156-6163-41A8-B8EC-0CF6BBAF30C0}.Debug|Any CPU.Build.0 = Debug|Any CPU
		{C61CF156-6163-41A8-B8EC-0CF6BBAF30C0}.Release|Any CPU.ActiveCfg = Release|Any CPU
		{C61CF156-6163-41A8-B8EC-0CF6BBAF30C0}.Release|Any CPU.Build.0 = Release|Any CPU
	EndGlobalSection
	GlobalSection(SolutionProperties) = preSolution
		HideSolutionNode = FALSE
	EndGlobalSection
	GlobalSection(ExtensibilityGlobals) = postSolution
		SolutionGuid = {40A21438-9C49-43C4-840C-799AB36A07C9}
	EndGlobalSection
EndGlobal
